// !$*UTF8*$!
{
	archiveVersion = 1;
	classes = {
	};
	objectVersion = 50;
	objects = {

/* Begin PBXBuildFile section */
		77A157DD26ED237F00AB5E7B /* LandmarkApp.swift in Sources */ = {isa = PBXBuildFile; fileRef = 77A157DC26ED237F00AB5E7B /* LandmarkApp.swift */; };
		77A157DF26ED237F00AB5E7B /* ContentView.swift in Sources */ = {isa = PBXBuildFile; fileRef = 77A157DE26ED237F00AB5E7B /* ContentView.swift */; };
		77A157E126ED238000AB5E7B /* Assets.xcassets in Resources */ = {isa = PBXBuildFile; fileRef = 77A157E026ED238000AB5E7B /* Assets.xcassets */; };
		77A157E426ED238000AB5E7B /* Preview Assets.xcassets in Resources */ = {isa = PBXBuildFile; fileRef = 77A157E326ED238000AB5E7B /* Preview Assets.xcassets */; };
		77A157EF26ED238100AB5E7B /* LandmarkTests.swift in Sources */ = {isa = PBXBuildFile; fileRef = 77A157EE26ED238100AB5E7B /* LandmarkTests.swift */; };
		77A157FA26ED238100AB5E7B /* LandmarkUITests.swift in Sources */ = {isa = PBXBuildFile; fileRef = 77A157F926ED238100AB5E7B /* LandmarkUITests.swift */; };
		77A1580A26ED2DB700AB5E7B /* MyResources in Resources */ = {isa = PBXBuildFile; fileRef = 77A1580926ED2DB700AB5E7B /* MyResources */; };
		77A1580C26ED2F6700AB5E7B /* CircleImage.swift in Sources */ = {isa = PBXBuildFile; fileRef = 77A1580B26ED2F6700AB5E7B /* CircleImage.swift */; };
		77A1580F26ED381200AB5E7B /* MapView.swift in Sources */ = {isa = PBXBuildFile; fileRef = 77A1580E26ED381200AB5E7B /* MapView.swift */; };
/* End PBXBuildFile section */

/* Begin PBXContainerItemProxy section */
		77A157EB26ED238100AB5E7B /* PBXContainerItemProxy */ = {
			isa = PBXContainerItemProxy;
			containerPortal = 77A157D126ED237F00AB5E7B /* Project object */;
			proxyType = 1;
			remoteGlobalIDString = 77A157D826ED237F00AB5E7B;
			remoteInfo = Landmark;
		};
		77A157F626ED238100AB5E7B /* PBXContainerItemProxy */ = {
			isa = PBXContainerItemProxy;
			containerPortal = 77A157D126ED237F00AB5E7B /* Project object */;
			proxyType = 1;
			remoteGlobalIDString = 77A157D826ED237F00AB5E7B;
			remoteInfo = Landmark;
		};
/* End PBXContainerItemProxy section */

/* Begin PBXFileReference section */
		77A157D926ED237F00AB5E7B /* Landmark.app */ = {isa = PBXFileReference; explicitFileType = wrapper.application; includeInIndex = 0; path = Landmark.app; sourceTree = BUILT_PRODUCTS_DIR; };
		77A157DC26ED237F00AB5E7B /* LandmarkApp.swift */ = {isa = PBXFileReference; lastKnownFileType = sourcecode.swift; path = LandmarkApp.swift; sourceTree = "<group>"; };
		77A157DE26ED237F00AB5E7B /* ContentView.swift */ = {isa = PBXFileReference; lastKnownFileType = sourcecode.swift; path = ContentView.swift; sourceTree = "<group>"; };
		77A157E026ED238000AB5E7B /* Assets.xcassets */ = {isa = PBXFileReference; lastKnownFileType = folder.assetcatalog; path = Assets.xcassets; sourceTree = "<group>"; };
		77A157E326ED238000AB5E7B /* Preview Assets.xcassets */ = {isa = PBXFileReference; lastKnownFileType = folder.assetcatalog; path = "Preview Assets.xcassets"; sourceTree = "<group>"; };
		77A157E526ED238000AB5E7B /* Info.plist */ = {isa = PBXFileReference; lastKnownFileType = text.plist.xml; path = Info.plist; sourceTree = "<group>"; };
		77A157EA26ED238100AB5E7B /* LandmarkTests.xctest */ = {isa = PBXFileReference; explicitFileType = wrapper.cfbundle; includeInIndex = 0; path = LandmarkTests.xctest; sourceTree = BUILT_PRODUCTS_DIR; };
		77A157EE26ED238100AB5E7B /* LandmarkTests.swift */ = {isa = PBXFileReference; lastKnownFileType = sourcecode.swift; path = LandmarkTests.swift; sourceTree = "<group>"; };
		77A157F026ED238100AB5E7B /* Info.plist */ = {isa = PBXFileReference; lastKnownFileType = text.plist.xml; path = Info.plist; sourceTree = "<group>"; };
		77A157F526ED238100AB5E7B /* LandmarkUITests.xctest */ = {isa = PBXFileReference; explicitFileType = wrapper.cfbundle; includeInIndex = 0; path = LandmarkUITests.xctest; sourceTree = BUILT_PRODUCTS_DIR; };
		77A157F926ED238100AB5E7B /* LandmarkUITests.swift */ = {isa = PBXFileReference; lastKnownFileType = sourcecode.swift; path = LandmarkUITests.swift; sourceTree = "<group>"; };
		77A157FB26ED238100AB5E7B /* Info.plist */ = {isa = PBXFileReference; lastKnownFileType = text.plist.xml; path = Info.plist; sourceTree = "<group>"; };
		77A1580926ED2DB700AB5E7B /* MyResources */ = {isa = PBXFileReference; lastKnownFileType = folder; name = MyResources; path = ../../../Downloads/MyResources; sourceTree = "<group>"; };
		77A1580B26ED2F6700AB5E7B /* CircleImage.swift */ = {isa = PBXFileReference; lastKnownFileType = sourcecode.swift; path = CircleImage.swift; sourceTree = "<group>"; };
		77A1580E26ED381200AB5E7B /* MapView.swift */ = {isa = PBXFileReference; lastKnownFileType = sourcecode.swift; path = MapView.swift; sourceTree = "<group>"; };
/* End PBXFileReference section */

/* Begin PBXFrameworksBuildPhase section */
		77A157D626ED237F00AB5E7B /* Frameworks */ = {
			isa = PBXFrameworksBuildPhase;
			buildActionMask = 2147483647;
			files = (
			);
			runOnlyForDeploymentPostprocessing = 0;
		};
		77A157E726ED238100AB5E7B /* Frameworks */ = {
			isa = PBXFrameworksBuildPhase;
			buildActionMask = 2147483647;
			files = (
			);
			runOnlyForDeploymentPostprocessing = 0;
		};
		77A157F226ED238100AB5E7B /* Frameworks */ = {
			isa = PBXFrameworksBuildPhase;
			buildActionMask = 2147483647;
			files = (
			);
			runOnlyForDeploymentPostprocessing = 0;
		};
/* End PBXFrameworksBuildPhase section */

/* Begin PBXGroup section */
		77A157D026ED237F00AB5E7B = {
			isa = PBXGroup;
			children = (
				77A157DB26ED237F00AB5E7B /* Landmark */,
				77A157ED26ED238100AB5E7B /* LandmarkTests */,
				77A157F826ED238100AB5E7B /* LandmarkUITests */,
				77A157DA26ED237F00AB5E7B /* Products */,
			);
			sourceTree = "<group>";
		};
		77A157DA26ED237F00AB5E7B /* Products */ = {
			isa = PBXGroup;
			children = (
				77A157D926ED237F00AB5E7B /* Landmark.app */,
				77A157EA26ED238100AB5E7B /* LandmarkTests.xctest */,
				77A157F526ED238100AB5E7B /* LandmarkUITests.xctest */,
			);
			name = Products;
			sourceTree = "<group>";
		};
		77A157DB26ED237F00AB5E7B /* Landmark */ = {
			isa = PBXGroup;
			children = (
				77A1580E26ED381200AB5E7B /* MapView.swift */,
				77A157DC26ED237F00AB5E7B /* LandmarkApp.swift */,
				77A157DE26ED237F00AB5E7B /* ContentView.swift */,
				77A1580B26ED2F6700AB5E7B /* CircleImage.swift */,
				77A1580926ED2DB700AB5E7B /* MyResources */,
				77A157E026ED238000AB5E7B /* Assets.xcassets */,
				77A157E526ED238000AB5E7B /* Info.plist */,
				77A157E226ED238000AB5E7B /* Preview Content */,
			);
			path = Landmark;
			sourceTree = "<group>";
		};
		77A157E226ED238000AB5E7B /* Preview Content */ = {
			isa = PBXGroup;
			children = (
				77A157E326ED238000AB5E7B /* Preview Assets.xcassets */,
			);
			path = "Preview Content";
			sourceTree = "<group>";
		};
		77A157ED26ED238100AB5E7B /* LandmarkTests */ = {
			isa = PBXGroup;
			children = (
				77A157EE26ED238100AB5E7B /* LandmarkTests.swift */,
				77A157F026ED238100AB5E7B /* Info.plist */,
			);
			path = LandmarkTests;
			sourceTree = "<group>";
		};
		77A157F826ED238100AB5E7B /* LandmarkUITests */ = {
			isa = PBXGroup;
			children = (
				77A157F926ED238100AB5E7B /* LandmarkUITests.swift */,
				77A157FB26ED238100AB5E7B /* Info.plist */,
			);
			path = LandmarkUITests;
			sourceTree = "<group>";
		};
/* End PBXGroup section */

/* Begin PBXNativeTarget section */
		77A157D826ED237F00AB5E7B /* Landmark */ = {
			isa = PBXNativeTarget;
			buildConfigurationList = 77A157FE26ED238100AB5E7B /* Build configuration list for PBXNativeTarget "Landmark" */;
			buildPhases = (
				77A157D526ED237F00AB5E7B /* Sources */,
				77A157D626ED237F00AB5E7B /* Frameworks */,
				77A157D726ED237F00AB5E7B /* Resources */,
			);
			buildRules = (
			);
			dependencies = (
			);
			name = Landmark;
			productName = Landmark;
			productReference = 77A157D926ED237F00AB5E7B /* Landmark.app */;
			productType = "com.apple.product-type.application";
		};
		77A157E926ED238100AB5E7B /* LandmarkTests */ = {
			isa = PBXNativeTarget;
			buildConfigurationList = 77A1580126ED238100AB5E7B /* Build configuration list for PBXNativeTarget "LandmarkTests" */;
			buildPhases = (
				77A157E626ED238100AB5E7B /* Sources */,
				77A157E726ED238100AB5E7B /* Frameworks */,
				77A157E826ED238100AB5E7B /* Resources */,
			);
			buildRules = (
			);
			dependencies = (
				77A157EC26ED238100AB5E7B /* PBXTargetDependency */,
			);
			name = LandmarkTests;
			productName = LandmarkTests;
			productReference = 77A157EA26ED238100AB5E7B /* LandmarkTests.xctest */;
			productType = "com.apple.product-type.bundle.unit-test";
		};
		77A157F426ED238100AB5E7B /* LandmarkUITests */ = {
			isa = PBXNativeTarget;
			buildConfigurationList = 77A1580426ED238100AB5E7B /* Build configuration list for PBXNativeTarget "LandmarkUITests" */;
			buildPhases = (
				77A157F126ED238100AB5E7B /* Sources */,
				77A157F226ED238100AB5E7B /* Frameworks */,
				77A157F326ED238100AB5E7B /* Resources */,
			);
			buildRules = (
			);
			dependencies = (
				77A157F726ED238100AB5E7B /* PBXTargetDependency */,
			);
			name = LandmarkUITests;
			productName = LandmarkUITests;
			productReference = 77A157F526ED238100AB5E7B /* LandmarkUITests.xctest */;
			productType = "com.apple.product-type.bundle.ui-testing";
		};
/* End PBXNativeTarget section */

/* Begin PBXProject section */
		77A157D126ED237F00AB5E7B /* Project object */ = {
			isa = PBXProject;
			attributes = {
				LastSwiftUpdateCheck = 1250;
				LastUpgradeCheck = 1250;
				TargetAttributes = {
					77A157D826ED237F00AB5E7B = {
						CreatedOnToolsVersion = 12.5.1;
					};
					77A157E926ED238100AB5E7B = {
						CreatedOnToolsVersion = 12.5.1;
						TestTargetID = 77A157D826ED237F00AB5E7B;
					};
					77A157F426ED238100AB5E7B = {
						CreatedOnToolsVersion = 12.5.1;
						TestTargetID = 77A157D826ED237F00AB5E7B;
					};
				};
			};
			buildConfigurationList = 77A157D426ED237F00AB5E7B /* Build configuration list for PBXProject "Landmark" */;
			compatibilityVersion = "Xcode 9.3";
			developmentRegion = en;
			hasScannedForEncodings = 0;
			knownRegions = (
				en,
				Base,
			);
			mainGroup = 77A157D026ED237F00AB5E7B;
			productRefGroup = 77A157DA26ED237F00AB5E7B /* Products */;
			projectDirPath = "";
			projectRoot = "";
			targets = (
				77A157D826ED237F00AB5E7B /* Landmark */,
				77A157E926ED238100AB5E7B /* LandmarkTests */,
				77A157F426ED238100AB5E7B /* LandmarkUITests */,
			);
		};
/* End PBXProject section */

/* Begin PBXResourcesBuildPhase section */
		77A157D726ED237F00AB5E7B /* Resources */ = {
			isa = PBXResourcesBuildPhase;
			buildActionMask = 2147483647;
			files = (
				77A157E426ED238000AB5E7B /* Preview Assets.xcassets in Resources */,
				77A157E126ED238000AB5E7B /* Assets.xcassets in Resources */,
				77A1580A26ED2DB700AB5E7B /* MyResources in Resources */,
			);
			runOnlyForDeploymentPostprocessing = 0;
		};
		77A157E826ED238100AB5E7B /* Resources */ = {
			isa = PBXResourcesBuildPhase;
			buildActionMask = 2147483647;
			files = (
			);
			runOnlyForDeploymentPostprocessing = 0;
		};
		77A157F326ED238100AB5E7B /* Resources */ = {
			isa = PBXResourcesBuildPhase;
			buildActionMask = 2147483647;
			files = (
			);
			runOnlyForDeploymentPostprocessing = 0;
		};
/* End PBXResourcesBuildPhase section */

/* Begin PBXSourcesBuildPhase section */
		77A157D526ED237F00AB5E7B /* Sources */ = {
			isa = PBXSourcesBuildPhase;
			buildActionMask = 2147483647;
			files = (
				77A157DF26ED237F00AB5E7B /* ContentView.swift in Sources */,
				77A1580F26ED381200AB5E7B /* MapView.swift in Sources */,
				77A157DD26ED237F00AB5E7B /* LandmarkApp.swift in Sources */,
				77A1580C26ED2F6700AB5E7B /* CircleImage.swift in Sources */,
			);
			runOnlyForDeploymentPostprocessing = 0;
		};
		77A157E626ED238100AB5E7B /* Sources */ = {
			isa = PBXSourcesBuildPhase;
			buildActionMask = 2147483647;
			files = (
				77A157EF26ED238100AB5E7B /* LandmarkTests.swift in Sources */,
			);
			runOnlyForDeploymentPostprocessing = 0;
		};
		77A157F126ED238100AB5E7B /* Sources */ = {
			isa = PBXSourcesBuildPhase;
			buildActionMask = 2147483647;
			files = (
				77A157FA26ED238100AB5E7B /* LandmarkUITests.swift in Sources */,
			);
			runOnlyForDeploymentPostprocessing = 0;
		};
/* End PBXSourcesBuildPhase section */

/* Begin PBXTargetDependency section */
		77A157EC26ED238100AB5E7B /* PBXTargetDependency */ = {
			isa = PBXTargetDependency;
			target = 77A157D826ED237F00AB5E7B /* Landmark */;
			targetProxy = 77A157EB26ED238100AB5E7B /* PBXContainerItemProxy */;
		};
		77A157F726ED238100AB5E7B /* PBXTargetDependency */ = {
			isa = PBXTargetDependency;
			target = 77A157D826ED237F00AB5E7B /* Landmark */;
			targetProxy = 77A157F626ED238100AB5E7B /* PBXContainerItemProxy */;
		};
/* End PBXTargetDependency section */

/* Begin XCBuildConfiguration section */
		77A157FC26ED238100AB5E7B /* Debug */ = {
			isa = XCBuildConfiguration;
			buildSettings = {
				ALWAYS_SEARCH_USER_PATHS = NO;
				CLANG_ANALYZER_NONNULL = YES;
				CLANG_ANALYZER_NUMBER_OBJECT_CONVERSION = YES_AGGRESSIVE;
				CLANG_CXX_LANGUAGE_STANDARD = "gnu++14";
				CLANG_CXX_LIBRARY = "libc++";
				CLANG_ENABLE_MODULES = YES;
				CLANG_ENABLE_OBJC_ARC = YES;
				CLANG_ENABLE_OBJC_WEAK = YES;
				CLANG_WARN_BLOCK_CAPTURE_AUTORELEASING = YES;
				CLANG_WARN_BOOL_CONVERSION = YES;
				CLANG_WARN_COMMA = YES;
				CLANG_WARN_CONSTANT_CONVERSION = YES;
				CLANG_WARN_DEPRECATED_OBJC_IMPLEMENTATIONS = YES;
				CLANG_WARN_DIRECT_OBJC_ISA_USAGE = YES_ERROR;
				CLANG_WARN_DOCUMENTATION_COMMENTS = YES;
				CLANG_WARN_EMPTY_BODY = YES;
				CLANG_WARN_ENUM_CONVERSION = YES;
				CLANG_WARN_INFINITE_RECURSION = YES;
				CLANG_WARN_INT_CONVERSION = YES;
				CLANG_WARN_NON_LITERAL_NULL_CONVERSION = YES;
				CLANG_WARN_OBJC_IMPLICIT_RETAIN_SELF = YES;
				CLANG_WARN_OBJC_LITERAL_CONVERSION = YES;
				CLANG_WARN_OBJC_ROOT_CLASS = YES_ERROR;
				CLANG_WARN_QUOTED_INCLUDE_IN_FRAMEWORK_HEADER = YES;
				CLANG_WARN_RANGE_LOOP_ANALYSIS = YES;
				CLANG_WARN_STRICT_PROTOTYPES = YES;
				CLANG_WARN_SUSPICIOUS_MOVE = YES;
				CLANG_WARN_UNGUARDED_AVAILABILITY = YES_AGGRESSIVE;
				CLANG_WARN_UNREACHABLE_CODE = YES;
				CLANG_WARN__DUPLICATE_METHOD_MATCH = YES;
				COPY_PHASE_STRIP = NO;
				DEBUG_INFORMATION_FORMAT = dwarf;
				ENABLE_STRICT_OBJC_MSGSEND = YES;
				ENABLE_TESTABILITY = YES;
				GCC_C_LANGUAGE_STANDARD = gnu11;
				GCC_DYNAMIC_NO_PIC = NO;
				GCC_NO_COMMON_BLOCKS = YES;
				GCC_OPTIMIZATION_LEVEL = 0;
				GCC_PREPROCESSOR_DEFINITIONS = (
					"DEBUG=1",
					"$(inherited)",
				);
				GCC_WARN_64_TO_32_BIT_CONVERSION = YES;
				GCC_WARN_ABOUT_RETURN_TYPE = YES_ERROR;
				GCC_WARN_UNDECLARED_SELECTOR = YES;
				GCC_WARN_UNINITIALIZED_AUTOS = YES_AGGRESSIVE;
				GCC_WARN_UNUSED_FUNCTION = YES;
				GCC_WARN_UNUSED_VARIABLE = YES;
				IPHONEOS_DEPLOYMENT_TARGET = 14.5;
				MTL_ENABLE_DEBUG_INFO = INCLUDE_SOURCE;
				MTL_FAST_MATH = YES;
				ONLY_ACTIVE_ARCH = YES;
				SDKROOT = iphoneos;
				SWIFT_ACTIVE_COMPILATION_CONDITIONS = DEBUG;
				SWIFT_OPTIMIZATION_LEVEL = "-Onone";
			};
			name = Debug;
		};
		77A157FD26ED238100AB5E7B /* Release */ = {
			isa = XCBuildConfiguration;
			buildSettings = {
				ALWAYS_SEARCH_USER_PATHS = NO;
				CLANG_ANALYZER_NONNULL = YES;
				CLANG_ANALYZER_NUMBER_OBJECT_CONVERSION = YES_AGGRESSIVE;
				CLANG_CXX_LANGUAGE_STANDARD = "gnu++14";
				CLANG_CXX_LIBRARY = "libc++";
				CLANG_ENABLE_MODULES = YES;
				CLANG_ENABLE_OBJC_ARC = YES;
				CLANG_ENABLE_OBJC_WEAK = YES;
				CLANG_WARN_BLOCK_CAPTURE_AUTORELEASING = YES;
				CLANG_WARN_BOOL_CONVERSION = YES;
				CLANG_WARN_COMMA = YES;
				CLANG_WARN_CONSTANT_CONVERSION = YES;
				CLANG_WARN_DEPRECATED_OBJC_IMPLEMENTATIONS = YES;
				CLANG_WARN_DIRECT_OBJC_ISA_USAGE = YES_ERROR;
				CLANG_WARN_DOCUMENTATION_COMMENTS = YES;
				CLANG_WARN_EMPTY_BODY = YES;
				CLANG_WARN_ENUM_CONVERSION = YES;
				CLANG_WARN_INFINITE_RECURSION = YES;
				CLANG_WARN_INT_CONVERSION = YES;
				CLANG_WARN_NON_LITERAL_NULL_CONVERSION = YES;
				CLANG_WARN_OBJC_IMPLICIT_RETAIN_SELF = YES;
				CLANG_WARN_OBJC_LITERAL_CONVERSION = YES;
				CLANG_WARN_OBJC_ROOT_CLASS = YES_ERROR;
				CLANG_WARN_QUOTED_INCLUDE_IN_FRAMEWORK_HEADER = YES;
				CLANG_WARN_RANGE_LOOP_ANALYSIS = YES;
				CLANG_WARN_STRICT_PROTOTYPES = YES;
				CLANG_WARN_SUSPICIOUS_MOVE = YES;
				CLANG_WARN_UNGUARDED_AVAILABILITY = YES_AGGRESSIVE;
				CLANG_WARN_UNREACHABLE_CODE = YES;
				CLANG_WARN__DUPLICATE_METHOD_MATCH = YES;
				COPY_PHASE_STRIP = NO;
				DEBUG_INFORMATION_FORMAT = "dwarf-with-dsym";
				ENABLE_NS_ASSERTIONS = NO;
				ENABLE_STRICT_OBJC_MSGSEND = YES;
				GCC_C_LANGUAGE_STANDARD = gnu11;
				GCC_NO_COMMON_BLOCKS = YES;
				GCC_WARN_64_TO_32_BIT_CONVERSION = YES;
				GCC_WARN_ABOUT_RETURN_TYPE = YES_ERROR;
				GCC_WARN_UNDECLARED_SELECTOR = YES;
				GCC_WARN_UNINITIALIZED_AUTOS = YES_AGGRESSIVE;
				GCC_WARN_UNUSED_FUNCTION = YES;
				GCC_WARN_UNUSED_VARIABLE = YES;
				IPHONEOS_DEPLOYMENT_TARGET = 14.5;
				MTL_ENABLE_DEBUG_INFO = NO;
				MTL_FAST_MATH = YES;
				SDKROOT = iphoneos;
				SWIFT_COMPILATION_MODE = wholemodule;
				SWIFT_OPTIMIZATION_LEVEL = "-O";
				VALIDATE_PRODUCT = YES;
			};
			name = Release;
		};
		77A157FF26ED238100AB5E7B /* Debug */ = {
			isa = XCBuildConfiguration;
			buildSettings = {
				ASSETCATALOG_COMPILER_APPICON_NAME = AppIcon;
				ASSETCATALOG_COMPILER_GLOBAL_ACCENT_COLOR_NAME = AccentColor;
				CODE_SIGN_STYLE = Automatic;
				DEVELOPMENT_ASSET_PATHS = "\"Landmark/Preview Content\"";
				DEVELOPMENT_TEAM = C5X3GR7A3M;
				ENABLE_PREVIEWS = YES;
				INFOPLIST_FILE = Landmark/Info.plist;
				IPHONEOS_DEPLOYMENT_TARGET = 14.0;
				LD_RUNPATH_SEARCH_PATHS = (
					"$(inherited)",
					"@executable_path/Frameworks",
				);
				PRODUCT_BUNDLE_IDENTIFIER = Hidemitsu.S.Landmark;
				PRODUCT_NAME = "$(TARGET_NAME)";
				SWIFT_VERSION = 5.0;
				TARGETED_DEVICE_FAMILY = "1,2";
			};
			name = Debug;
		};
		77A1580026ED238100AB5E7B /* Release */ = {
			isa = XCBuildConfiguration;
			buildSettings = {
				ASSETCATALOG_COMPILER_APPICON_NAME = AppIcon;
				ASSETCATALOG_COMPILER_GLOBAL_ACCENT_COLOR_NAME = AccentColor;
				CODE_SIGN_STYLE = Automatic;
				DEVELOPMENT_ASSET_PATHS = "\"Landmark/Preview Content\"";
				DEVELOPMENT_TEAM = C5X3GR7A3M;
				ENABLE_PREVIEWS = YES;
				INFOPLIST_FILE = Landmark/Info.plist;
				IPHONEOS_DEPLOYMENT_TARGET = 14.0;
				LD_RUNPATH_SEARCH_PATHS = (
					"$(inherited)",
					"@executable_path/Frameworks",
				);
				PRODUCT_BUNDLE_IDENTIFIER = Hidemitsu.S.Landmark;
				PRODUCT_NAME = "$(TARGET_NAME)";
				SWIFT_VERSION = 5.0;
				TARGETED_DEVICE_FAMILY = "1,2";
			};
			name = Release;
		};
		77A1580226ED238100AB5E7B /* Debug */ = {
			isa = XCBuildConfiguration;
			buildSettings = {
				ALWAYS_EMBED_SWIFT_STANDARD_LIBRARIES = YES;
				BUNDLE_LOADER = "$(TEST_HOST)";
				CODE_SIGN_STYLE = Automatic;
				DEVELOPMENT_TEAM = C5X3GR7A3M;
				INFOPLIST_FILE = LandmarkTests/Info.plist;
				IPHONEOS_DEPLOYMENT_TARGET = 14.0;
				LD_RUNPATH_SEARCH_PATHS = (
					"$(inherited)",
					"@executable_path/Frameworks",
					"@loader_path/Frameworks",
				);
				PRODUCT_BUNDLE_IDENTIFIER = Hidemitsu.S.LandmarkTests;
				PRODUCT_NAME = "$(TARGET_NAME)";
				SWIFT_VERSION = 5.0;
				TARGETED_DEVICE_FAMILY = "1,2";
				TEST_HOST = "$(BUILT_PRODUCTS_DIR)/Landmark.app/Landmark";
			};
			name = Debug;
		};
		77A1580326ED238100AB5E7B /* Release */ = {
			isa = XCBuildConfiguration;
			buildSettings = {
				ALWAYS_EMBED_SWIFT_STANDARD_LIBRARIES = YES;
				BUNDLE_LOADER = "$(TEST_HOST)";
				CODE_SIGN_STYLE = Automatic;
				DEVELOPMENT_TEAM = C5X3GR7A3M;
				INFOPLIST_FILE = LandmarkTests/Info.plist;
				IPHONEOS_DEPLOYMENT_TARGET = 14.0;
				LD_RUNPATH_SEARCH_PATHS = (
					"$(inherited)",
					"@executable_path/Frameworks",
					"@loader_path/Frameworks",
				);
				PRODUCT_BUNDLE_IDENTIFIER = Hidemitsu.S.LandmarkTests;
				PRODUCT_NAME = "$(TARGET_NAME)";
				SWIFT_VERSION = 5.0;
				TARGETED_DEVICE_FAMILY = "1,2";
				TEST_HOST = "$(BUILT_PRODUCTS_DIR)/Landmark.app/Landmark";
			};
			name = Release;
		};
		77A1580526ED238100AB5E7B /* Debug */ = {
			isa = XCBuildConfiguration;
			buildSettings = {
				ALWAYS_EMBED_SWIFT_STANDARD_LIBRARIES = YES;
				CODE_SIGN_STYLE = Automatic;
				DEVELOPMENT_TEAM = C5X3GR7A3M;
				INFOPLIST_FILE = LandmarkUITests/Info.plist;
				LD_RUNPATH_SEARCH_PATHS = (
					"$(inherited)",
					"@executable_path/Frameworks",
					"@loader_path/Frameworks",
				);
				PRODUCT_BUNDLE_IDENTIFIER = Hidemitsu.S.LandmarkUITests;
				PRODUCT_NAME = "$(TARGET_NAME)";
				SWIFT_VERSION = 5.0;
				TARGETED_DEVICE_FAMILY = "1,2";
				TEST_TARGET_NAME = Landmark;
			};
			name = Debug;
		};
		77A1580626ED238100AB5E7B /* Release */ = {
			isa = XCBuildConfiguration;
			buildSettings = {
				ALWAYS_EMBED_SWIFT_STANDARD_LIBRARIES = YES;
				CODE_SIGN_STYLE = Automatic;
				DEVELOPMENT_TEAM = C5X3GR7A3M;
				INFOPLIST_FILE = LandmarkUITests/Info.plist;
				LD_RUNPATH_SEARCH_PATHS = (
					"$(inherited)",
					"@executable_path/Frameworks",
					"@loader_path/Frameworks",
				);
				PRODUCT_BUNDLE_IDENTIFIER = Hidemitsu.S.LandmarkUITests;
				PRODUCT_NAME = "$(TARGET_NAME)";
				SWIFT_VERSION = 5.0;
				TARGETED_DEVICE_FAMILY = "1,2";
				TEST_TARGET_NAME = Landmark;
			};
			name = Release;
		};
/* End XCBuildConfiguration section */

/* Begin XCConfigurationList section */
		77A157D426ED237F00AB5E7B /* Build configuration list for PBXProject "Landmark" */ = {
			isa = XCConfigurationList;
			buildConfigurations = (
				77A157FC26ED238100AB5E7B /* Debug */,
				77A157FD26ED238100AB5E7B /* Release */,
			);
			defaultConfigurationIsVisible = 0;
			defaultConfigurationName = Release;
		};
		77A157FE26ED238100AB5E7B /* Build configuration list for PBXNativeTarget "Landmark" */ = {
			isa = XCConfigurationList;
			buildConfigurations = (
				77A157FF26ED238100AB5E7B /* Debug */,
				77A1580026ED238100AB5E7B /* Release */,
			);
			defaultConfigurationIsVisible = 0;
			defaultConfigurationName = Release;
		};
		77A1580126ED238100AB5E7B /* Build configuration list for PBXNativeTarget "LandmarkTests" */ = {
			isa = XCConfigurationList;
			buildConfigurations = (
				77A1580226ED238100AB5E7B /* Debug */,
				77A1580326ED238100AB5E7B /* Release */,
			);
			defaultConfigurationIsVisible = 0;
			defaultConfigurationName = Release;
		};
		77A1580426ED238100AB5E7B /* Build configuration list for PBXNativeTarget "LandmarkUITests" */ = {
			isa = XCConfigurationList;
			buildConfigurations = (
				77A1580526ED238100AB5E7B /* Debug */,
				77A1580626ED238100AB5E7B /* Release */,
			);
			defaultConfigurationIsVisible = 0;
			defaultConfigurationName = Release;
		};
/* End XCConfigurationList section */
	};
	rootObject = 77A157D126ED237F00AB5E7B /* Project object */;
}
